
Microsoft Visual Studio Solution File, Format Version 12.00
# Visual Studio Version 17
VisualStudioVersion = 17.7.34221.43
MinimumVisualStudioVersion = 10.0.40219.1
Project("{FAE04EC0-301F-11D3-BF4B-00C04F79EFBC}") = "Serialization Demo", "Serialization Demo.csproj", "{32411035-B359-4FC5-8846-3F87D8218D8D}"
EndProject
Global
	GlobalSection(SolutionConfigurationPlatforms) = preSolution
		Debug|Any CPU = Debug|Any CPU
		Release|Any CPU = Release|Any CPU
	EndGlobalSection
	GlobalSection(ProjectConfigurationPlatforms) = postSolution
		{32411035-B359-4FC5-8846-3F87D8218D8D}.Debug|Any CPU.ActiveCfg = Debug|Any CPU
		{32411035-B359-4FC5-8846-3F87D8218D8D}.Debug|Any CPU.Build.0 = Debug|Any CPU
		{32411035-B359-4FC5-8846-3F87D8218D8D}.Release|Any CPU.ActiveCfg = Release|Any CPU
		{32411035-B359-4FC5-8846-3F87D8218D8D}.Release|Any CPU.Build.0 = Release|Any CPU
	EndGlobalSection
	GlobalSection(SolutionProperties) = preSolution
		HideSolutionNode = FALSE
	EndGlobalSection
	GlobalSection(ExtensibilityGlobals) = postSolution
		SolutionGuid = {2C22184D-4CD5-4791-A7D4-14CEE8FB46AB}
	EndGlobalSection
EndGlobal
